
Microsoft Visual Studio Solution File, Format Version 12.00
# Visual Studio Version 17
VisualStudioVersion = 17.12.35514.174
MinimumVisualStudioVersion = 10.0.40219.1
Project("{FAE04EC0-301F-11D3-BF4B-00C04F79EFBC}") = "GinPair", "GinPair\GinPair.csproj", "{405F16F6-F11C-4C54-A100-8FF067AE8845}"
EndProject
Project("{FAE04EC0-301F-11D3-BF4B-00C04F79EFBC}") = "GinPair.Tests", "GinPair.Tests\GinPair.Tests.csproj", "{4BEEB98F-8862-4C03-8140-56766BACED7C}"
EndProject
Project("{FAE04EC0-301F-11D3-BF4B-00C04F79EFBC}") = "_Dependencies", "_Dependencies\_Dependencies.csproj", "{88709193-20EF-4880-9DCE-B16FBE699371}"
EndProject
Project("{2150E333-8FDC-42A3-9474-1A3956D46DE8}") = "Support", "Support", "{02EA681E-C7D8-13C7-8484-4AC65E1B71E8}"
	ProjectSection(SolutionItems) = preProject
		.github\copilot-instructions.md = .github\copilot-instructions.md
		.github\workflows\ginpair-ci.yml = .github\workflows\ginpair-ci.yml
		README.md = README.md
	EndProjectSection
EndProject
Project("{FAE04EC0-301F-11D3-BF4B-00C04F79EFBC}") = "GinPair.Migrations.SqlServer", "GinPair.Migrations.SqlServer\GinPair.Migrations.SqlServer.csproj", "{73E4CDFA-20F7-46B4-9793-D3B6B0FD2E6E}"
EndProject
Project("{FAE04EC0-301F-11D3-BF4B-00C04F79EFBC}") = "GinPair.Migrations.Postgres", "GinPair.Migrations.Postgres\GinPair.Migrations.Postgres.csproj", "{A9CF7C3F-FB49-4D36-BDD2-34D08FE180E2}"
EndProject
Project("{9A19103F-16F7-4668-BE54-9A1E7A4F7556}") = "GinPair.Build", "GinPair.Build\GinPair.Build.csproj", "{F2A10938-91FE-4095-977B-2B0CF27A33AD}"
EndProject
Global
	GlobalSection(SolutionConfigurationPlatforms) = preSolution
		Debug|Any CPU = Debug|Any CPU
		Debug|x64 = Debug|x64
		Debug|x86 = Debug|x86
		Release|Any CPU = Release|Any CPU
		Release|x64 = Release|x64
		Release|x86 = Release|x86
	EndGlobalSection
	GlobalSection(ProjectConfigurationPlatforms) = postSolution
		{405F16F6-F11C-4C54-A100-8FF067AE8845}.Debug|Any CPU.ActiveCfg = Debug|Any CPU
		{405F16F6-F11C-4C54-A100-8FF067AE8845}.Debug|Any CPU.Build.0 = Debug|Any CPU
		{405F16F6-F11C-4C54-A100-8FF067AE8845}.Debug|x64.ActiveCfg = Debug|Any CPU
		{405F16F6-F11C-4C54-A100-8FF067AE8845}.Debug|x64.Build.0 = Debug|Any CPU
		{405F16F6-F11C-4C54-A100-8FF067AE8845}.Debug|x86.ActiveCfg = Debug|Any CPU
		{405F16F6-F11C-4C54-A100-8FF067AE8845}.Debug|x86.Build.0 = Debug|Any CPU
		{405F16F6-F11C-4C54-A100-8FF067AE8845}.Release|Any CPU.ActiveCfg = Release|Any CPU
		{405F16F6-F11C-4C54-A100-8FF067AE8845}.Release|Any CPU.Build.0 = Release|Any CPU
		{405F16F6-F11C-4C54-A100-8FF067AE8845}.Release|x64.ActiveCfg = Release|Any CPU
		{405F16F6-F11C-4C54-A100-8FF067AE8845}.Release|x64.Build.0 = Release|Any CPU
		{405F16F6-F11C-4C54-A100-8FF067AE8845}.Release|x86.ActiveCfg = Release|Any CPU
		{405F16F6-F11C-4C54-A100-8FF067AE8845}.Release|x86.Build.0 = Release|Any CPU
		{4BEEB98F-8862-4C03-8140-56766BACED7C}.Debug|Any CPU.ActiveCfg = Debug|Any CPU
		{4BEEB98F-8862-4C03-8140-56766BACED7C}.Debug|Any CPU.Build.0 = Debug|Any CPU
		{4BEEB98F-8862-4C03-8140-56766BACED7C}.Debug|x64.ActiveCfg = Debug|Any CPU
		{4BEEB98F-8862-4C03-8140-56766BACED7C}.Debug|x64.Build.0 = Debug|Any CPU
		{4BEEB98F-8862-4C03-8140-56766BACED7C}.Debug|x86.ActiveCfg = Debug|Any CPU
		{4BEEB98F-8862-4C03-8140-56766BACED7C}.Debug|x86.Build.0 = Debug|Any CPU
		{4BEEB98F-8862-4C03-8140-56766BACED7C}.Release|Any CPU.ActiveCfg = Release|Any CPU
		{4BEEB98F-8862-4C03-8140-56766BACED7C}.Release|Any CPU.Build.0 = Release|Any CPU
		{4BEEB98F-8862-4C03-8140-56766BACED7C}.Release|x64.ActiveCfg = Release|Any CPU
		{4BEEB98F-8862-4C03-8140-56766BACED7C}.Release|x64.Build.0 = Release|Any CPU
		{4BEEB98F-8862-4C03-8140-56766BACED7C}.Release|x86.ActiveCfg = Release|Any CPU
		{4BEEB98F-8862-4C03-8140-56766BACED7C}.Release|x86.Build.0 = Release|Any CPU
		{88709193-20EF-4880-9DCE-B16FBE699371}.Debug|Any CPU.ActiveCfg = Debug|Any CPU
		{88709193-20EF-4880-9DCE-B16FBE699371}.Debug|x64.ActiveCfg = Debug|Any CPU
		{88709193-20EF-4880-9DCE-B16FBE699371}.Debug|x86.ActiveCfg = Debug|Any CPU
		{88709193-20EF-4880-9DCE-B16FBE699371}.Release|Any CPU.ActiveCfg = Release|Any CPU
		{88709193-20EF-4880-9DCE-B16FBE699371}.Release|x64.ActiveCfg = Release|Any CPU
		{88709193-20EF-4880-9DCE-B16FBE699371}.Release|x86.ActiveCfg = Release|Any CPU
		{73E4CDFA-20F7-46B4-9793-D3B6B0FD2E6E}.Debug|Any CPU.ActiveCfg = Debug|Any CPU
		{73E4CDFA-20F7-46B4-9793-D3B6B0FD2E6E}.Debug|Any CPU.Build.0 = Debug|Any CPU
		{73E4CDFA-20F7-46B4-9793-D3B6B0FD2E6E}.Debug|x64.ActiveCfg = Debug|Any CPU
		{73E4CDFA-20F7-46B4-9793-D3B6B0FD2E6E}.Debug|x64.Build.0 = Debug|Any CPU
		{73E4CDFA-20F7-46B4-9793-D3B6B0FD2E6E}.Debug|x86.ActiveCfg = Debug|Any CPU
		{73E4CDFA-20F7-46B4-9793-D3B6B0FD2E6E}.Debug|x86.Build.0 = Debug|Any CPU
		{73E4CDFA-20F7-46B4-9793-D3B6B0FD2E6E}.Release|Any CPU.ActiveCfg = Release|Any CPU
		{73E4CDFA-20F7-46B4-9793-D3B6B0FD2E6E}.Release|Any CPU.Build.0 = Release|Any CPU
		{73E4CDFA-20F7-46B4-9793-D3B6B0FD2E6E}.Release|x64.ActiveCfg = Release|Any CPU
		{73E4CDFA-20F7-46B4-9793-D3B6B0FD2E6E}.Release|x64.Build.0 = Release|Any CPU
		{73E4CDFA-20F7-46B4-9793-D3B6B0FD2E6E}.Release|x86.ActiveCfg = Release|Any CPU
		{73E4CDFA-20F7-46B4-9793-D3B6B0FD2E6E}.Release|x86.Build.0 = Release|Any CPU
		{A9CF7C3F-FB49-4D36-BDD2-34D08FE180E2}.Debug|Any CPU.ActiveCfg = Debug|Any CPU
		{A9CF7C3F-FB49-4D36-BDD2-34D08FE180E2}.Debug|Any CPU.Build.0 = Debug|Any CPU
		{A9CF7C3F-FB49-4D36-BDD2-34D08FE180E2}.Debug|x64.ActiveCfg = Debug|Any CPU
		{A9CF7C3F-FB49-4D36-BDD2-34D08FE180E2}.Debug|x64.Build.0 = Debug|Any CPU
		{A9CF7C3F-FB49-4D36-BDD2-34D08FE180E2}.Debug|x86.ActiveCfg = Debug|Any CPU
		{A9CF7C3F-FB49-4D36-BDD2-34D08FE180E2}.Debug|x86.Build.0 = Debug|Any CPU
		{A9CF7C3F-FB49-4D36-BDD2-34D08FE180E2}.Release|Any CPU.ActiveCfg = Release|Any CPU
		{A9CF7C3F-FB49-4D36-BDD2-34D08FE180E2}.Release|Any CPU.Build.0 = Release|Any CPU
		{A9CF7C3F-FB49-4D36-BDD2-34D08FE180E2}.Release|x64.ActiveCfg = Release|Any CPU
		{A9CF7C3F-FB49-4D36-BDD2-34D08FE180E2}.Release|x64.Build.0 = Release|Any CPU
		{A9CF7C3F-FB49-4D36-BDD2-34D08FE180E2}.Release|x86.ActiveCfg = Release|Any CPU
		{A9CF7C3F-FB49-4D36-BDD2-34D08FE180E2}.Release|x86.Build.0 = Release|Any CPU
		{F2A10938-91FE-4095-977B-2B0CF27A33AD}.Debug|Any CPU.ActiveCfg = Debug|Any CPU
		{F2A10938-91FE-4095-977B-2B0CF27A33AD}.Debug|x64.ActiveCfg = Debug|Any CPU
		{F2A10938-91FE-4095-977B-2B0CF27A33AD}.Debug|x86.ActiveCfg = Debug|Any CPU
		{F2A10938-91FE-4095-977B-2B0CF27A33AD}.Release|Any CPU.ActiveCfg = Release|Any CPU
		{F2A10938-91FE-4095-977B-2B0CF27A33AD}.Release|x64.ActiveCfg = Release|Any CPU
		{F2A10938-91FE-4095-977B-2B0CF27A33AD}.Release|x86.ActiveCfg = Release|Any CPU
	EndGlobalSection
	GlobalSection(SolutionProperties) = preSolution
		HideSolutionNode = FALSE
	EndGlobalSection
	GlobalSection(ExtensibilityGlobals) = postSolution
		SolutionGuid = {1B3615FD-47E4-44A5-9DFB-46B34F62DC3F}
	EndGlobalSection
EndGlobal
